// !$*UTF8*$!
{
	archiveVersion = 1;
	classes = {
	};
	objectVersion = 46;
	objects = {

/* Begin PBXBuildFile section */
		017658A519C239890025CA66 /* AppDelegate.swift in Sources */ = {isa = PBXBuildFile; fileRef = 017658A419C239890025CA66 /* AppDelegate.swift */; };
		017658A719C239890025CA66 /* ViewController.swift in Sources */ = {isa = PBXBuildFile; fileRef = 017658A619C239890025CA66 /* ViewController.swift */; };
		017658AA19C239890025CA66 /* Main.storyboard in Resources */ = {isa = PBXBuildFile; fileRef = 017658A819C239890025CA66 /* Main.storyboard */; };
		017658AC19C239890025CA66 /* Images.xcassets in Resources */ = {isa = PBXBuildFile; fileRef = 017658AB19C239890025CA66 /* Images.xcassets */; };
		017658AF19C239890025CA66 /* LaunchScreen.xib in Resources */ = {isa = PBXBuildFile; fileRef = 017658AD19C239890025CA66 /* LaunchScreen.xib */; };
		017658BB19C239890025CA66 /* PostcardTests.swift in Sources */ = {isa = PBXBuildFile; fileRef = 017658BA19C239890025CA66 /* PostcardTests.swift */; };
		017658C519C239B40025CA66 /* SagradaFamilia.jpeg in Resources */ = {isa = PBXBuildFile; fileRef = 017658C419C239B40025CA66 /* SagradaFamilia.jpeg */; };
		017658C719C23E420025CA66 /* AlbertEinsteinStamp.jpg in Resources */ = {isa = PBXBuildFile; fileRef = 017658C619C23E420025CA66 /* AlbertEinsteinStamp.jpg */; };
/* End PBXBuildFile section */

/* Begin PBXContainerItemProxy section */
		017658B519C239890025CA66 /* PBXContainerItemProxy */ = {
			isa = PBXContainerItemProxy;
			containerPortal = 0176589719C239890025CA66 /* Project object */;
			proxyType = 1;
			remoteGlobalIDString = 0176589E19C239890025CA66;
			remoteInfo = Postcard;
		};
/* End PBXContainerItemProxy section */

/* Begin PBXFileReference section */
		0176589F19C239890025CA66 /* Postcard.app */ = {isa = PBXFileReference; explicitFileType = wrapper.application; includeInIndex = 0; path = Postcard.app; sourceTree = BUILT_PRODUCTS_DIR; };
		017658A319C239890025CA66 /* Info.plist */ = {isa = PBXFileReference; lastKnownFileType = text.plist.xml; path = Info.plist; sourceTree = "<group>"; };
		017658A419C239890025CA66 /* AppDelegate.swift */ = {isa = PBXFileReference; lastKnownFileType = sourcecode.swift; path = AppDelegate.swift; sourceTree = "<group>"; };
		017658A619C239890025CA66 /* ViewController.swift */ = {isa = PBXFileReference; lastKnownFileType = sourcecode.swift; path = ViewController.swift; sourceTree = "<group>"; };
		017658A919C239890025CA66 /* Base */ = {isa = PBXFileReference; lastKnownFileType = file.storyboard; name = Base; path = Base.lproj/Main.storyboard; sourceTree = "<group>"; };
		017658AB19C239890025CA66 /* Images.xcassets */ = {isa = PBXFileReference; lastKnownFileType = folder.assetcatalog; path = Images.xcassets; sourceTree = "<group>"; };
		017658AE19C239890025CA66 /* Base */ = {isa = PBXFileReference; lastKnownFileType = file.xib; name = Base; path = Base.lproj/LaunchScreen.xib; sourceTree = "<group>"; };
		017658B419C239890025CA66 /* PostcardTests.xctest */ = {isa = PBXFileReference; explicitFileType = wrapper.cfbundle; includeInIndex = 0; path = PostcardTests.xctest; sourceTree = BUILT_PRODUCTS_DIR; };
		017658B919C239890025CA66 /* Info.plist */ = {isa = PBXFileReference; lastKnownFileType = text.plist.xml; path = Info.plist; sourceTree = "<group>"; };
		017658BA19C239890025CA66 /* PostcardTests.swift */ = {isa = PBXFileReference; lastKnownFileType = sourcecode.swift; path = PostcardTests.swift; sourceTree = "<group>"; };
		017658C419C239B40025CA66 /* SagradaFamilia.jpeg */ = {isa = PBXFileReference; lastKnownFileType = image.jpeg; path = SagradaFamilia.jpeg; sourceTree = "<group>"; };
		017658C619C23E420025CA66 /* AlbertEinsteinStamp.jpg */ = {isa = PBXFileReference; lastKnownFileType = image.jpeg; path = AlbertEinsteinStamp.jpg; sourceTree = "<group>"; };
/* End PBXFileReference section */

/* Begin PBXFrameworksBuildPhase section */
		0176589C19C239890025CA66 /* Frameworks */ = {
			isa = PBXFrameworksBuildPhase;
			buildActionMask = 2147483647;
			files = (
			);
			runOnlyForDeploymentPostprocessing = 0;
		};
		017658B119C239890025CA66 /* Frameworks */ = {
			isa = PBXFrameworksBuildPhase;
			buildActionMask = 2147483647;
			files = (
			);
			runOnlyForDeploymentPostprocessing = 0;
		};
/* End PBXFrameworksBuildPhase section */

/* Begin PBXGroup section */
		0176589619C239890025CA66 = {
			isa = PBXGroup;
			children = (
				017658A119C239890025CA66 /* Postcard */,
				017658B719C239890025CA66 /* PostcardTests */,
				017658A019C239890025CA66 /* Products */,
			);
			sourceTree = "<group>";
		};
		017658A019C239890025CA66 /* Products */ = {
			isa = PBXGroup;
			children = (
				0176589F19C239890025CA66 /* Postcard.app */,
				017658B419C239890025CA66 /* PostcardTests.xctest */,
			);
			name = Products;
			sourceTree = "<group>";
		};
		017658A119C239890025CA66 /* Postcard */ = {
			isa = PBXGroup;
			children = (
				017658A419C239890025CA66 /* AppDelegate.swift */,
				017658A619C239890025CA66 /* ViewController.swift */,
				017658A819C239890025CA66 /* Main.storyboard */,
				017658AB19C239890025CA66 /* Images.xcassets */,
				017658AD19C239890025CA66 /* LaunchScreen.xib */,
				017658A219C239890025CA66 /* Supporting Files */,
			);
			path = Postcard;
			sourceTree = "<group>";
		};
		017658A219C239890025CA66 /* Supporting Files */ = {
			isa = PBXGroup;
			children = (
				017658C619C23E420025CA66 /* AlbertEinsteinStamp.jpg */,
				017658C419C239B40025CA66 /* SagradaFamilia.jpeg */,
				017658A319C239890025CA66 /* Info.plist */,
			);
			name = "Supporting Files";
			sourceTree = "<group>";
		};
		017658B719C239890025CA66 /* PostcardTests */ = {
			isa = PBXGroup;
			children = (
				017658BA19C239890025CA66 /* PostcardTests.swift */,
				017658B819C239890025CA66 /* Supporting Files */,
			);
			path = PostcardTests;
			sourceTree = "<group>";
		};
		017658B819C239890025CA66 /* Supporting Files */ = {
			isa = PBXGroup;
			children = (
				017658B919C239890025CA66 /* Info.plist */,
			);
			name = "Supporting Files";
			sourceTree = "<group>";
		};
/* End PBXGroup section */

/* Begin PBXNativeTarget section */
		0176589E19C239890025CA66 /* Postcard */ = {
			isa = PBXNativeTarget;
			buildConfigurationList = 017658BE19C239890025CA66 /* Build configuration list for PBXNativeTarget "Postcard" */;
			buildPhases = (
				0176589B19C239890025CA66 /* Sources */,
				0176589C19C239890025CA66 /* Frameworks */,
				0176589D19C239890025CA66 /* Resources */,
			);
			buildRules = (
			);
			dependencies = (
			);
			name = Postcard;
			productName = Postcard;
			productReference = 0176589F19C239890025CA66 /* Postcard.app */;
			productType = "com.apple.product-type.application";
		};
		017658B319C239890025CA66 /* PostcardTests */ = {
			isa = PBXNativeTarget;
			buildConfigurationList = 017658C119C239890025CA66 /* Build configuration list for PBXNativeTarget "PostcardTests" */;
			buildPhases = (
				017658B019C239890025CA66 /* Sources */,
				017658B119C239890025CA66 /* Frameworks */,
				017658B219C239890025CA66 /* Resources */,
			);
			buildRules = (
			);
			dependencies = (
				017658B619C239890025CA66 /* PBXTargetDependency */,
			);
			name = PostcardTests;
			productName = PostcardTests;
			productReference = 017658B419C239890025CA66 /* PostcardTests.xctest */;
			productType = "com.apple.product-type.bundle.unit-test";
		};
/* End PBXNativeTarget section */

/* Begin PBXProject section */
		0176589719C239890025CA66 /* Project object */ = {
			isa = PBXProject;
			attributes = {
				LastUpgradeCheck = 0600;
				ORGANIZATIONNAME = MacJewell;
				TargetAttributes = {
					0176589E19C239890025CA66 = {
						CreatedOnToolsVersion = 6.0;
					};
					017658B319C239890025CA66 = {
						CreatedOnToolsVersion = 6.0;
						TestTargetID = 0176589E19C239890025CA66;
					};
				};
			};
			buildConfigurationList = 0176589A19C239890025CA66 /* Build configuration list for PBXProject "Postcard" */;
			compatibilityVersion = "Xcode 3.2";
			developmentRegion = English;
			hasScannedForEncodings = 0;
			knownRegions = (
				en,
				Base,
			);
			mainGroup = 0176589619C239890025CA66;
			productRefGroup = 017658A019C239890025CA66 /* Products */;
			projectDirPath = "";
			projectRoot = "";
			targets = (
				0176589E19C239890025CA66 /* Postcard */,
				017658B319C239890025CA66 /* PostcardTests */,
			);
		};
/* End PBXProject section */

/* Begin PBXResourcesBuildPhase section */
		0176589D19C239890025CA66 /* Resources */ = {
			isa = PBXResourcesBuildPhase;
			buildActionMask = 2147483647;
			files = (
				017658AA19C239890025CA66 /* Main.storyboard in Resources */,
				017658C519C239B40025CA66 /* SagradaFamilia.jpeg in Resources */,
				017658C719C23E420025CA66 /* AlbertEinsteinStamp.jpg in Resources */,
				017658AF19C239890025CA66 /* LaunchScreen.xib in Resources */,
				017658AC19C239890025CA66 /* Images.xcassets in Resources */,
			);
			runOnlyForDeploymentPostprocessing = 0;
		};
		017658B219C239890025CA66 /* Resources */ = {
			isa = PBXResourcesBuildPhase;
			buildActionMask = 2147483647;
			files = (
			);
			runOnlyForDeploymentPostprocessing = 0;
		};
/* End PBXResourcesBuildPhase section */

/* Begin PBXSourcesBuildPhase section */
		0176589B19C239890025CA66 /* Sources */ = {
			isa = PBXSourcesBuildPhase;
			buildActionMask = 2147483647;
			files = (
				017658A719C239890025CA66 /* ViewController.swift in Sources */,
				017658A519C239890025CA66 /* AppDelegate.swift in Sources */,
			);
			runOnlyForDeploymentPostprocessing = 0;
		};
		017658B019C239890025CA66 /* Sources */ = {
			isa = PBXSourcesBuildPhase;
			buildActionMask = 2147483647;
			files = (
				017658BB19C239890025CA66 /* PostcardTests.swift in Sources */,
			);
			runOnlyForDeploymentPostprocessing = 0;
		};
/* End PBXSourcesBuildPhase section */

/* Begin PBXTargetDependency section */
		017658B619C239890025CA66 /* PBXTargetDependency */ = {
			isa = PBXTargetDependency;
			target = 0176589E19C239890025CA66 /* Postcard */;
			targetProxy = 017658B519C239890025CA66 /* PBXContainerItemProxy */;
		};
/* End PBXTargetDependency section */

/* Begin PBXVariantGroup section */
		017658A819C239890025CA66 /* Main.storyboard */ = {
			isa = PBXVariantGroup;
			children = (
				017658A919C239890025CA66 /* Base */,
			);
			name = Main.storyboard;
			sourceTree = "<group>";
		};
		017658AD19C239890025CA66 /* LaunchScreen.xib */ = {
			isa = PBXVariantGroup;
			children = (
				017658AE19C239890025CA66 /* Base */,
			);
			name = LaunchScreen.xib;
			sourceTree = "<group>";
		};
/* End PBXVariantGroup section */

/* Begin XCBuildConfiguration section */
		017658BC19C239890025CA66 /* Debug */ = {
			isa = XCBuildConfiguration;
			buildSettings = {
				ALWAYS_SEARCH_USER_PATHS = NO;
				CLANG_CXX_LANGUAGE_STANDARD = "gnu++0x";
				CLANG_CXX_LIBRARY = "libc++";
				CLANG_ENABLE_MODULES = YES;
				CLANG_ENABLE_OBJC_ARC = YES;
				CLANG_WARN_BOOL_CONVERSION = YES;
				CLANG_WARN_CONSTANT_CONVERSION = YES;
				CLANG_WARN_DIRECT_OBJC_ISA_USAGE = YES_ERROR;
				CLANG_WARN_EMPTY_BODY = YES;
				CLANG_WARN_ENUM_CONVERSION = YES;
				CLANG_WARN_INT_CONVERSION = YES;
				CLANG_WARN_OBJC_ROOT_CLASS = YES_ERROR;
				CLANG_WARN_UNREACHABLE_CODE = YES;
				CLANG_WARN__DUPLICATE_METHOD_MATCH = YES;
				"CODE_SIGN_IDENTITY[sdk=iphoneos*]" = "iPhone Developer";
				COPY_PHASE_STRIP = NO;
				ENABLE_STRICT_OBJC_MSGSEND = YES;
				GCC_C_LANGUAGE_STANDARD = gnu99;
				GCC_DYNAMIC_NO_PIC = NO;
				GCC_OPTIMIZATION_LEVEL = 0;
				GCC_PREPROCESSOR_DEFINITIONS = (
					"DEBUG=1",
					"$(inherited)",
				);
				GCC_SYMBOLS_PRIVATE_EXTERN = NO;
				GCC_WARN_64_TO_32_BIT_CONVERSION = YES;
				GCC_WARN_ABOUT_RETURN_TYPE = YES_ERROR;
				GCC_WARN_UNDECLARED_SELECTOR = YES;
				GCC_WARN_UNINITIALIZED_AUTOS = YES_AGGRESSIVE;
				GCC_WARN_UNUSED_FUNCTION = YES;
				GCC_WARN_UNUSED_VARIABLE = YES;
				IPHONEOS_DEPLOYMENT_TARGET = 8.0;
				MTL_ENABLE_DEBUG_INFO = YES;
				ONLY_ACTIVE_ARCH = YES;
				SDKROOT = iphoneos;
				SWIFT_OPTIMIZATION_LEVEL = "-Onone";
			};
			name = Debug;
		};
		017658BD19C239890025CA66 /* Release */ = {
			isa = XCBuildConfiguration;
			buildSettings = {
				ALWAYS_SEARCH_USER_PATHS = NO;
				CLANG_CXX_LANGUAGE_STANDARD = "gnu++0x";
				CLANG_CXX_LIBRARY = "libc++";
				CLANG_ENABLE_MODULES = YES;
				CLANG_ENABLE_OBJC_ARC = YES;
				CLANG_WARN_BOOL_CONVERSION = YES;
				CLANG_WARN_CONSTANT_CONVERSION = YES;
				CLANG_WARN_DIRECT_OBJC_ISA_USAGE = YES_ERROR;
				CLANG_WARN_EMPTY_BODY = YES;
				CLANG_WARN_ENUM_CONVERSION = YES;
				CLANG_WARN_INT_CONVERSION = YES;
				CLANG_WARN_OBJC_ROOT_CLASS = YES_ERROR;
				CLANG_WARN_UNREACHABLE_CODE = YES;
				CLANG_WARN__DUPLICATE_METHOD_MATCH = YES;
				"CODE_SIGN_IDENTITY[sdk=iphoneos*]" = "iPhone Developer";
				COPY_PHASE_STRIP = YES;
				ENABLE_NS_ASSERTIONS = NO;
				ENABLE_STRICT_OBJC_MSGSEND = YES;
				GCC_C_LANGUAGE_STANDARD = gnu99;
				GCC_WARN_64_TO_32_BIT_CONVERSION = YES;
				GCC_WARN_ABOUT_RETURN_TYPE = YES_ERROR;
				GCC_WARN_UNDECLARED_SELECTOR = YES;
				GCC_WARN_UNINITIALIZED_AUTOS = YES_AGGRESSIVE;
				GCC_WARN_UNUSED_FUNCTION = YES;
				GCC_WARN_UNUSED_VARIABLE = YES;
				IPHONEOS_DEPLOYMENT_TARGET = 8.0;
				MTL_ENABLE_DEBUG_INFO = NO;
				SDKROOT = iphoneos;
				VALIDATE_PRODUCT = YES;
			};
			name = Release;
		};
		017658BF19C239890025CA66 /* Debug */ = {
			isa = XCBuildConfiguration;
			buildSettings = {
				ASSETCATALOG_COMPILER_APPICON_NAME = AppIcon;
				INFOPLIST_FILE = Postcard/Info.plist;
				LD_RUNPATH_SEARCH_PATHS = "$(inherited) @executable_path/Frameworks";
				PRODUCT_NAME = "$(TARGET_NAME)";
			};
			name = Debug;
		};
		017658C019C239890025CA66 /* Release */ = {
			isa = XCBuildConfiguration;
			buildSettings = {
				ASSETCATALOG_COMPILER_APPICON_NAME = AppIcon;
				INFOPLIST_FILE = Postcard/Info.plist;
				LD_RUNPATH_SEARCH_PATHS = "$(inherited) @executable_path/Frameworks";
				PRODUCT_NAME = "$(TARGET_NAME)";
			};
			name = Release;
		};
		017658C219C239890025CA66 /* Debug */ = {
			isa = XCBuildConfiguration;
			buildSettings = {
				BUNDLE_LOADER = "$(TEST_HOST)";
				FRAMEWORK_SEARCH_PATHS = (
					"$(SDKROOT)/Developer/Library/Frameworks",
					"$(inherited)",
				);
				GCC_PREPROCESSOR_DEFINITIONS = (
					"DEBUG=1",
					"$(inherited)",
				);
				INFOPLIST_FILE = PostcardTests/Info.plist;
				LD_RUNPATH_SEARCH_PATHS = "$(inherited) @executable_path/Frameworks @loader_path/Frameworks";
				PRODUCT_NAME = "$(TARGET_NAME)";
				TEST_HOST = "$(BUILT_PRODUCTS_DIR)/Postcard.app/Postcard";
			};
			name = Debug;
		};
		017658C319C239890025CA66 /* Release */ = {
			isa = XCBuildConfiguration;
			buildSettings = {
				BUNDLE_LOADER = "$(TEST_HOST)";
				FRAMEWORK_SEARCH_PATHS = (
					"$(SDKROOT)/Developer/Library/Frameworks",
					"$(inherited)",
				);
				INFOPLIST_FILE = PostcardTests/Info.plist;
				LD_RUNPATH_SEARCH_PATHS = "$(inherited) @executable_path/Frameworks @loader_path/Frameworks";
				PRODUCT_NAME = "$(TARGET_NAME)";
				TEST_HOST = "$(BUILT_PRODUCTS_DIR)/Postcard.app/Postcard";
			};
			name = Release;
		};
/* End XCBuildConfiguration section */

/* Begin XCConfigurationList section */
		0176589A19C239890025CA66 /* Build configuration list for PBXProject "Postcard" */ = {
			isa = XCConfigurationList;
			buildConfigurations = (
				017658BC19C239890025CA66 /* Debug */,
				017658BD19C239890025CA66 /* Release */,
			);
			defaultConfigurationIsVisible = 0;
			defaultConfigurationName = Release;
		};
		017658BE19C239890025CA66 /* Build configuration list for PBXNativeTarget "Postcard" */ = {
			isa = XCConfigurationList;
			buildConfigurations = (
				017658BF19C239890025CA66 /* Debug */,
				017658C019C239890025CA66 /* Release */,
			);
			defaultConfigurationIsVisible = 0;
		};
		017658C119C239890025CA66 /* Build configuration list for PBXNativeTarget "PostcardTests" */ = {
			isa = XCConfigurationList;
			buildConfigurations = (
				017658C219C239890025CA66 /* Debug */,
				017658C319C239890025CA66 /* Release */,
			);
			defaultConfigurationIsVisible = 0;
		};
/* End XCConfigurationList section */
	};
	rootObject = 0176589719C239890025CA66 /* Project object */;
}
